
Microsoft Visual Studio Solution File, Format Version 12.00
# Visual Studio Version 16
VisualStudioVersion = 16.0.29920.165
MinimumVisualStudioVersion = 10.0.40219.1
Project("{FAE04EC0-301F-11D3-BF4B-00C04F79EFBC}") = "ImageTest", "ImageTest\ImageTest.csproj", "{275420ED-4051-4D56-8874-7226D8470CFA}"
EndProject
Global
	GlobalSection(SolutionConfigurationPlatforms) = preSolution
		Debug|Any CPU = Debug|Any CPU
		Release|Any CPU = Release|Any CPU
	EndGlobalSection
	GlobalSection(ProjectConfigurationPlatforms) = postSolution
		{275420ED-4051-4D56-8874-7226D8470CFA}.Debug|Any CPU.ActiveCfg = Debug|Any CPU
		{275420ED-4051-4D56-8874-7226D8470CFA}.Debug|Any CPU.Build.0 = Debug|Any CPU
		{275420ED-4051-4D56-8874-7226D8470CFA}.Release|Any CPU.ActiveCfg = Release|Any CPU
		{275420ED-4051-4D56-8874-7226D8470CFA}.Release|Any CPU.Build.0 = Release|Any CPU
	EndGlobalSection
	GlobalSection(SolutionProperties) = preSolution
		HideSolutionNode = FALSE
	EndGlobalSection
	GlobalSection(ExtensibilityGlobals) = postSolution
		SolutionGuid = {45129EB3-CAE5-4BEC-8EA9-BD37C02E4738}
	EndGlobalSection
EndGlobal
